
Microsoft Visual Studio Solution File, Format Version 12.00
# Visual Studio Version 17
VisualStudioVersion = 17.5.002.0
MinimumVisualStudioVersion = 10.0.40219.1
Project("{9A19103F-16F7-4668-BE54-9A1E7A4F7556}") = "RawSqlEntityFrameworkTests", "RawSqlEntityFrameworkTests.csproj", "{4E37B0D6-97C1-40B4-AFCB-082FC0F177E8}"
EndProject
Global
	GlobalSection(SolutionConfigurationPlatforms) = preSolution
		Debug|Any CPU = Debug|Any CPU
		Release|Any CPU = Release|Any CPU
	EndGlobalSection
	GlobalSection(ProjectConfigurationPlatforms) = postSolution
		{4E37B0D6-97C1-40B4-AFCB-082FC0F177E8}.Debug|Any CPU.ActiveCfg = Debug|Any CPU
		{4E37B0D6-97C1-40B4-AFCB-082FC0F177E8}.Debug|Any CPU.Build.0 = Debug|Any CPU
		{4E37B0D6-97C1-40B4-AFCB-082FC0F177E8}.Release|Any CPU.ActiveCfg = Release|Any CPU
		{4E37B0D6-97C1-40B4-AFCB-082FC0F177E8}.Release|Any CPU.Build.0 = Release|Any CPU
	EndGlobalSection
	GlobalSection(SolutionProperties) = preSolution
		HideSolutionNode = FALSE
	EndGlobalSection
	GlobalSection(ExtensibilityGlobals) = postSolution
		SolutionGuid = {2AEAEDF6-6F1E-47D2-816E-7791656D957B}
	EndGlobalSection
EndGlobal
